
Microsoft Visual Studio Solution File, Format Version 12.00
# Visual Studio Version 17
VisualStudioVersion = 17.1.32421.90
MinimumVisualStudioVersion = 10.0.40219.1
Project("{FAE04EC0-301F-11D3-BF4B-00C04F79EFBC}") = "RMays.Aoc", "Rmays.Aoc\RMays.Aoc.csproj", "{4149B5E0-4B55-48DC-8372-09A2871E40EE}"
EndProject
Project("{FAE04EC0-301F-11D3-BF4B-00C04F79EFBC}") = "RMays.Aoc2018", "RMays.Aoc2018\RMays.Aoc2018.csproj", "{9B0F1371-749B-4524-9440-BA1394D98FE1}"
EndProject
Project("{FAE04EC0-301F-11D3-BF4B-00C04F79EFBC}") = "RMays.Aoc2018.Tests", "RMays.Aoc2018.Tests\RMays.Aoc2018.Tests.csproj", "{6297DF6B-9501-4EBD-80FB-07B0EC01D2CE}"
EndProject
Project("{FAE04EC0-301F-11D3-BF4B-00C04F79EFBC}") = "RMays.Aoc2019", "RMays.Aoc2019\RMays.Aoc2019.csproj", "{8A804C76-BD6F-4FDE-A292-2C9C43B0722D}"
EndProject
Project("{FAE04EC0-301F-11D3-BF4B-00C04F79EFBC}") = "RMays.Aoc2019.Tests", "RMays.Aoc2019.Tests\RMays.Aoc2019.Tests.csproj", "{39E17715-D240-4F45-9939-327FFD47D67B}"
EndProject
Project("{FAE04EC0-301F-11D3-BF4B-00C04F79EFBC}") = "RMays.Aoc.Tests", "RMays.Aoc.Tests\RMays.Aoc.Tests.csproj", "{44DA3C5B-DCDF-4FD3-8658-7AF67EFD7DE2}"
EndProject
Project("{FAE04EC0-301F-11D3-BF4B-00C04F79EFBC}") = "RMays.Aoc2020", "RMays.Aoc2020\RMays.Aoc2020.csproj", "{6402049B-50A9-4344-A531-8C08A9BC4903}"
EndProject
Project("{FAE04EC0-301F-11D3-BF4B-00C04F79EFBC}") = "RMays.Aoc2020.Tests", "RMays.Aoc2020.Tests\RMays.Aoc2020.Tests.csproj", "{38D7C308-E646-4113-8E09-7F1DA3866C4C}"
EndProject
Project("{FAE04EC0-301F-11D3-BF4B-00C04F79EFBC}") = "RMays.Aoc2021", "RMays.Aoc2021\RMays.Aoc2021.csproj", "{817D56A8-90D3-4576-9EB5-7E5D7BAE1A4B}"
EndProject
Project("{FAE04EC0-301F-11D3-BF4B-00C04F79EFBC}") = "RMays.Aoc2021.Tests", "RMays.Aoc2021.Tests\RMays.Aoc2021.Tests.csproj", "{751557DF-0F7D-444E-AC98-16F79A850FEB}"
EndProject
Project("{FAE04EC0-301F-11D3-BF4B-00C04F79EFBC}") = "RMays.Aoc2022", "RMays.Aoc2022\RMays.Aoc2022.csproj", "{59B2DFA9-0759-4C1C-B1CC-082CF0543434}"
EndProject
Project("{FAE04EC0-301F-11D3-BF4B-00C04F79EFBC}") = "RMays.Aoc2022.Tests", "RMays.Aoc2022.Tests\RMays.Aoc2022.Tests.csproj", "{08E65263-5C07-49BE-8673-28A9BF59BDCF}"
EndProject
Project("{FAE04EC0-301F-11D3-BF4B-00C04F79EFBC}") = "RMays.Aoc2023", "RMays.Aoc2023\RMays.Aoc2023.csproj", "{59B2DFA9-0759-4C1C-B1CC-082CF0543436}"
EndProject
Project("{FAE04EC0-301F-11D3-BF4B-00C04F79EFBC}") = "RMays.Aoc2023.Tests", "RMays.Aoc2023.Tests\RMays.Aoc2023.Tests.csproj", "{08E65263-5C07-49BE-8673-28A9BF59BDC0}"
EndProject
Project("{FAE04EC0-301F-11D3-BF4B-00C04F79EFBC}") = "RMays.Aoc2024", "RMays.Aoc2024\RMays.Aoc2024.csproj", "{A1CE754B-F589-4514-8642-B729034963CD}"
EndProject
Project("{FAE04EC0-301F-11D3-BF4B-00C04F79EFBC}") = "RMays.Aoc2024.Tests", "RMays.Aoc2024.Tests\RMays.Aoc2024.Tests.csproj", "{FFD76E9A-3F07-41FC-9D77-23D93BC579B2}"
EndProject
Project("{2150E333-8FDC-42A3-9474-1A3956D46DE8}") = "Archive", "Archive", "{BF2E1A3E-CAAA-41BF-92B5-4E255CE97ADE}"
EndProject
Global
	GlobalSection(SolutionConfigurationPlatforms) = preSolution
		Debug|Any CPU = Debug|Any CPU
		Debug|x64 = Debug|x64
		Debug|x86 = Debug|x86
		Release|Any CPU = Release|Any CPU
		Release|x64 = Release|x64
		Release|x86 = Release|x86
	EndGlobalSection
	GlobalSection(ProjectConfigurationPlatforms) = postSolution
		{4149B5E0-4B55-48DC-8372-09A2871E40EE}.Debug|Any CPU.ActiveCfg = Debug|Any CPU
		{4149B5E0-4B55-48DC-8372-09A2871E40EE}.Debug|Any CPU.Build.0 = Debug|Any CPU
		{4149B5E0-4B55-48DC-8372-09A2871E40EE}.Debug|x64.ActiveCfg = Debug|Any CPU
		{4149B5E0-4B55-48DC-8372-09A2871E40EE}.Debug|x64.Build.0 = Debug|Any CPU
		{4149B5E0-4B55-48DC-8372-09A2871E40EE}.Debug|x86.ActiveCfg = Debug|Any CPU
		{4149B5E0-4B55-48DC-8372-09A2871E40EE}.Debug|x86.Build.0 = Debug|Any CPU
		{4149B5E0-4B55-48DC-8372-09A2871E40EE}.Release|Any CPU.ActiveCfg = Release|Any CPU
		{4149B5E0-4B55-48DC-8372-09A2871E40EE}.Release|Any CPU.Build.0 = Release|Any CPU
		{4149B5E0-4B55-48DC-8372-09A2871E40EE}.Release|x64.ActiveCfg = Release|Any CPU
		{4149B5E0-4B55-48DC-8372-09A2871E40EE}.Release|x64.Build.0 = Release|Any CPU
		{4149B5E0-4B55-48DC-8372-09A2871E40EE}.Release|x86.ActiveCfg = Release|Any CPU
		{4149B5E0-4B55-48DC-8372-09A2871E40EE}.Release|x86.Build.0 = Release|Any CPU
		{9B0F1371-749B-4524-9440-BA1394D98FE1}.Debug|Any CPU.ActiveCfg = Debug|Any CPU
		{9B0F1371-749B-4524-9440-BA1394D98FE1}.Debug|Any CPU.Build.0 = Debug|Any CPU
		{9B0F1371-749B-4524-9440-BA1394D98FE1}.Debug|x64.ActiveCfg = Debug|x64
		{9B0F1371-749B-4524-9440-BA1394D98FE1}.Debug|x64.Build.0 = Debug|x64
		{9B0F1371-749B-4524-9440-BA1394D98FE1}.Debug|x86.ActiveCfg = Debug|x86
		{9B0F1371-749B-4524-9440-BA1394D98FE1}.Debug|x86.Build.0 = Debug|x86
		{9B0F1371-749B-4524-9440-BA1394D98FE1}.Release|Any CPU.ActiveCfg = Release|Any CPU
		{9B0F1371-749B-4524-9440-BA1394D98FE1}.Release|Any CPU.Build.0 = Release|Any CPU
		{9B0F1371-749B-4524-9440-BA1394D98FE1}.Release|x64.ActiveCfg = Release|x64
		{9B0F1371-749B-4524-9440-BA1394D98FE1}.Release|x64.Build.0 = Release|x64
		{9B0F1371-749B-4524-9440-BA1394D98FE1}.Release|x86.ActiveCfg = Release|x86
		{9B0F1371-749B-4524-9440-BA1394D98FE1}.Release|x86.Build.0 = Release|x86
		{6297DF6B-9501-4EBD-80FB-07B0EC01D2CE}.Debug|Any CPU.ActiveCfg = Debug|Any CPU
		{6297DF6B-9501-4EBD-80FB-07B0EC01D2CE}.Debug|Any CPU.Build.0 = Debug|Any CPU
		{6297DF6B-9501-4EBD-80FB-07B0EC01D2CE}.Debug|x64.ActiveCfg = Debug|x64
		{6297DF6B-9501-4EBD-80FB-07B0EC01D2CE}.Debug|x64.Build.0 = Debug|x64
		{6297DF6B-9501-4EBD-80FB-07B0EC01D2CE}.Debug|x86.ActiveCfg = Debug|x86
		{6297DF6B-9501-4EBD-80FB-07B0EC01D2CE}.Debug|x86.Build.0 = Debug|x86
		{6297DF6B-9501-4EBD-80FB-07B0EC01D2CE}.Release|Any CPU.ActiveCfg = Release|Any CPU
		{6297DF6B-9501-4EBD-80FB-07B0EC01D2CE}.Release|Any CPU.Build.0 = Release|Any CPU
		{6297DF6B-9501-4EBD-80FB-07B0EC01D2CE}.Release|x64.ActiveCfg = Release|x64
		{6297DF6B-9501-4EBD-80FB-07B0EC01D2CE}.Release|x64.Build.0 = Release|x64
		{6297DF6B-9501-4EBD-80FB-07B0EC01D2CE}.Release|x86.ActiveCfg = Release|x86
		{6297DF6B-9501-4EBD-80FB-07B0EC01D2CE}.Release|x86.Build.0 = Release|x86
		{8A804C76-BD6F-4FDE-A292-2C9C43B0722D}.Debug|Any CPU.ActiveCfg = Debug|Any CPU
		{8A804C76-BD6F-4FDE-A292-2C9C43B0722D}.Debug|Any CPU.Build.0 = Debug|Any CPU
		{8A804C76-BD6F-4FDE-A292-2C9C43B0722D}.Debug|x64.ActiveCfg = Debug|Any CPU
		{8A804C76-BD6F-4FDE-A292-2C9C43B0722D}.Debug|x64.Build.0 = Debug|Any CPU
		{8A804C76-BD6F-4FDE-A292-2C9C43B0722D}.Debug|x86.ActiveCfg = Debug|Any CPU
		{8A804C76-BD6F-4FDE-A292-2C9C43B0722D}.Debug|x86.Build.0 = Debug|Any CPU
		{8A804C76-BD6F-4FDE-A292-2C9C43B0722D}.Release|Any CPU.ActiveCfg = Release|Any CPU
		{8A804C76-BD6F-4FDE-A292-2C9C43B0722D}.Release|Any CPU.Build.0 = Release|Any CPU
		{8A804C76-BD6F-4FDE-A292-2C9C43B0722D}.Release|x64.ActiveCfg = Release|Any CPU
		{8A804C76-BD6F-4FDE-A292-2C9C43B0722D}.Release|x64.Build.0 = Release|Any CPU
		{8A804C76-BD6F-4FDE-A292-2C9C43B0722D}.Release|x86.ActiveCfg = Release|Any CPU
		{8A804C76-BD6F-4FDE-A292-2C9C43B0722D}.Release|x86.Build.0 = Release|Any CPU
		{39E17715-D240-4F45-9939-327FFD47D67B}.Debug|Any CPU.ActiveCfg = Debug|Any CPU
		{39E17715-D240-4F45-9939-327FFD47D67B}.Debug|Any CPU.Build.0 = Debug|Any CPU
		{39E17715-D240-4F45-9939-327FFD47D67B}.Debug|x64.ActiveCfg = Debug|Any CPU
		{39E17715-D240-4F45-9939-327FFD47D67B}.Debug|x64.Build.0 = Debug|Any CPU
		{39E17715-D240-4F45-9939-327FFD47D67B}.Debug|x86.ActiveCfg = Debug|Any CPU
		{39E17715-D240-4F45-9939-327FFD47D67B}.Debug|x86.Build.0 = Debug|Any CPU
		{39E17715-D240-4F45-9939-327FFD47D67B}.Release|Any CPU.ActiveCfg = Release|Any CPU
		{39E17715-D240-4F45-9939-327FFD47D67B}.Release|Any CPU.Build.0 = Release|Any CPU
		{39E17715-D240-4F45-9939-327FFD47D67B}.Release|x64.ActiveCfg = Release|Any CPU
		{39E17715-D240-4F45-9939-327FFD47D67B}.Release|x64.Build.0 = Release|Any CPU
		{39E17715-D240-4F45-9939-327FFD47D67B}.Release|x86.ActiveCfg = Release|Any CPU
		{39E17715-D240-4F45-9939-327FFD47D67B}.Release|x86.Build.0 = Release|Any CPU
		{44DA3C5B-DCDF-4FD3-8658-7AF67EFD7DE2}.Debug|Any CPU.ActiveCfg = Debug|Any CPU
		{44DA3C5B-DCDF-4FD3-8658-7AF67EFD7DE2}.Debug|Any CPU.Build.0 = Debug|Any CPU
		{44DA3C5B-DCDF-4FD3-8658-7AF67EFD7DE2}.Debug|x64.ActiveCfg = Debug|Any CPU
		{44DA3C5B-DCDF-4FD3-8658-7AF67EFD7DE2}.Debug|x64.Build.0 = Debug|Any CPU
		{44DA3C5B-DCDF-4FD3-8658-7AF67EFD7DE2}.Debug|x86.ActiveCfg = Debug|Any CPU
		{44DA3C5B-DCDF-4FD3-8658-7AF67EFD7DE2}.Debug|x86.Build.0 = Debug|Any CPU
		{44DA3C5B-DCDF-4FD3-8658-7AF67EFD7DE2}.Release|Any CPU.ActiveCfg = Release|Any CPU
		{44DA3C5B-DCDF-4FD3-8658-7AF67EFD7DE2}.Release|Any CPU.Build.0 = Release|Any CPU
		{44DA3C5B-DCDF-4FD3-8658-7AF67EFD7DE2}.Release|x64.ActiveCfg = Release|Any CPU
		{44DA3C5B-DCDF-4FD3-8658-7AF67EFD7DE2}.Release|x64.Build.0 = Release|Any CPU
		{44DA3C5B-DCDF-4FD3-8658-7AF67EFD7DE2}.Release|x86.ActiveCfg = Release|Any CPU
		{44DA3C5B-DCDF-4FD3-8658-7AF67EFD7DE2}.Release|x86.Build.0 = Release|Any CPU
		{6402049B-50A9-4344-A531-8C08A9BC4903}.Debug|Any CPU.ActiveCfg = Debug|Any CPU
		{6402049B-50A9-4344-A531-8C08A9BC4903}.Debug|Any CPU.Build.0 = Debug|Any CPU
		{6402049B-50A9-4344-A531-8C08A9BC4903}.Debug|x64.ActiveCfg = Debug|Any CPU
		{6402049B-50A9-4344-A531-8C08A9BC4903}.Debug|x64.Build.0 = Debug|Any CPU
		{6402049B-50A9-4344-A531-8C08A9BC4903}.Debug|x86.ActiveCfg = Debug|Any CPU
		{6402049B-50A9-4344-A531-8C08A9BC4903}.Debug|x86.Build.0 = Debug|Any CPU
		{6402049B-50A9-4344-A531-8C08A9BC4903}.Release|Any CPU.ActiveCfg = Release|Any CPU
		{6402049B-50A9-4344-A531-8C08A9BC4903}.Release|Any CPU.Build.0 = Release|Any CPU
		{6402049B-50A9-4344-A531-8C08A9BC4903}.Release|x64.ActiveCfg = Release|Any CPU
		{6402049B-50A9-4344-A531-8C08A9BC4903}.Release|x64.Build.0 = Release|Any CPU
		{6402049B-50A9-4344-A531-8C08A9BC4903}.Release|x86.ActiveCfg = Release|Any CPU
		{6402049B-50A9-4344-A531-8C08A9BC4903}.Release|x86.Build.0 = Release|Any CPU
		{38D7C308-E646-4113-8E09-7F1DA3866C4C}.Debug|Any CPU.ActiveCfg = Debug|Any CPU
		{38D7C308-E646-4113-8E09-7F1DA3866C4C}.Debug|Any CPU.Build.0 = Debug|Any CPU
		{38D7C308-E646-4113-8E09-7F1DA3866C4C}.Debug|x64.ActiveCfg = Debug|Any CPU
		{38D7C308-E646-4113-8E09-7F1DA3866C4C}.Debug|x64.Build.0 = Debug|Any CPU
		{38D7C308-E646-4113-8E09-7F1DA3866C4C}.Debug|x86.ActiveCfg = Debug|Any CPU
		{38D7C308-E646-4113-8E09-7F1DA3866C4C}.Debug|x86.Build.0 = Debug|Any CPU
		{38D7C308-E646-4113-8E09-7F1DA3866C4C}.Release|Any CPU.ActiveCfg = Release|Any CPU
		{38D7C308-E646-4113-8E09-7F1DA3866C4C}.Release|Any CPU.Build.0 = Release|Any CPU
		{38D7C308-E646-4113-8E09-7F1DA3866C4C}.Release|x64.ActiveCfg = Release|Any CPU
		{38D7C308-E646-4113-8E09-7F1DA3866C4C}.Release|x64.Build.0 = Release|Any CPU
		{38D7C308-E646-4113-8E09-7F1DA3866C4C}.Release|x86.ActiveCfg = Release|Any CPU
		{38D7C308-E646-4113-8E09-7F1DA3866C4C}.Release|x86.Build.0 = Release|Any CPU
		{817D56A8-90D3-4576-9EB5-7E5D7BAE1A4B}.Debug|Any CPU.ActiveCfg = Debug|Any CPU
		{817D56A8-90D3-4576-9EB5-7E5D7BAE1A4B}.Debug|Any CPU.Build.0 = Debug|Any CPU
		{817D56A8-90D3-4576-9EB5-7E5D7BAE1A4B}.Debug|x64.ActiveCfg = Debug|Any CPU
		{817D56A8-90D3-4576-9EB5-7E5D7BAE1A4B}.Debug|x64.Build.0 = Debug|Any CPU
		{817D56A8-90D3-4576-9EB5-7E5D7BAE1A4B}.Debug|x86.ActiveCfg = Debug|Any CPU
		{817D56A8-90D3-4576-9EB5-7E5D7BAE1A4B}.Debug|x86.Build.0 = Debug|Any CPU
		{817D56A8-90D3-4576-9EB5-7E5D7BAE1A4B}.Release|Any CPU.ActiveCfg = Release|Any CPU
		{817D56A8-90D3-4576-9EB5-7E5D7BAE1A4B}.Release|Any CPU.Build.0 = Release|Any CPU
		{817D56A8-90D3-4576-9EB5-7E5D7BAE1A4B}.Release|x64.ActiveCfg = Release|Any CPU
		{817D56A8-90D3-4576-9EB5-7E5D7BAE1A4B}.Release|x64.Build.0 = Release|Any CPU
		{817D56A8-90D3-4576-9EB5-7E5D7BAE1A4B}.Release|x86.ActiveCfg = Release|Any CPU
		{817D56A8-90D3-4576-9EB5-7E5D7BAE1A4B}.Release|x86.Build.0 = Release|Any CPU
		{751557DF-0F7D-444E-AC98-16F79A850FEB}.Debug|Any CPU.ActiveCfg = Debug|Any CPU
		{751557DF-0F7D-444E-AC98-16F79A850FEB}.Debug|Any CPU.Build.0 = Debug|Any CPU
		{751557DF-0F7D-444E-AC98-16F79A850FEB}.Debug|x64.ActiveCfg = Debug|Any CPU
		{751557DF-0F7D-444E-AC98-16F79A850FEB}.Debug|x64.Build.0 = Debug|Any CPU
		{751557DF-0F7D-444E-AC98-16F79A850FEB}.Debug|x86.ActiveCfg = Debug|Any CPU
		{751557DF-0F7D-444E-AC98-16F79A850FEB}.Debug|x86.Build.0 = Debug|Any CPU
		{751557DF-0F7D-444E-AC98-16F79A850FEB}.Release|Any CPU.ActiveCfg = Release|Any CPU
		{751557DF-0F7D-444E-AC98-16F79A850FEB}.Release|Any CPU.Build.0 = Release|Any CPU
		{751557DF-0F7D-444E-AC98-16F79A850FEB}.Release|x64.ActiveCfg = Release|Any CPU
		{751557DF-0F7D-444E-AC98-16F79A850FEB}.Release|x64.Build.0 = Release|Any CPU
		{751557DF-0F7D-444E-AC98-16F79A850FEB}.Release|x86.ActiveCfg = Release|Any CPU
		{751557DF-0F7D-444E-AC98-16F79A850FEB}.Release|x86.Build.0 = Release|Any CPU
		{59B2DFA9-0759-4C1C-B1CC-082CF0543434}.Debug|Any CPU.ActiveCfg = Debug|Any CPU
		{59B2DFA9-0759-4C1C-B1CC-082CF0543434}.Debug|Any CPU.Build.0 = Debug|Any CPU
		{59B2DFA9-0759-4C1C-B1CC-082CF0543434}.Debug|x64.ActiveCfg = Debug|Any CPU
		{59B2DFA9-0759-4C1C-B1CC-082CF0543434}.Debug|x64.Build.0 = Debug|Any CPU
		{59B2DFA9-0759-4C1C-B1CC-082CF0543434}.Debug|x86.ActiveCfg = Debug|Any CPU
		{59B2DFA9-0759-4C1C-B1CC-082CF0543434}.Debug|x86.Build.0 = Debug|Any CPU
		{59B2DFA9-0759-4C1C-B1CC-082CF0543434}.Release|Any CPU.ActiveCfg = Release|Any CPU
		{59B2DFA9-0759-4C1C-B1CC-082CF0543434}.Release|Any CPU.Build.0 = Release|Any CPU
		{59B2DFA9-0759-4C1C-B1CC-082CF0543434}.Release|x64.ActiveCfg = Release|Any CPU
		{59B2DFA9-0759-4C1C-B1CC-082CF0543434}.Release|x64.Build.0 = Release|Any CPU
		{59B2DFA9-0759-4C1C-B1CC-082CF0543434}.Release|x86.ActiveCfg = Release|Any CPU
		{59B2DFA9-0759-4C1C-B1CC-082CF0543434}.Release|x86.Build.0 = Release|Any CPU
		{08E65263-5C07-49BE-8673-28A9BF59BDCF}.Debug|Any CPU.ActiveCfg = Debug|Any CPU
		{08E65263-5C07-49BE-8673-28A9BF59BDCF}.Debug|Any CPU.Build.0 = Debug|Any CPU
		{08E65263-5C07-49BE-8673-28A9BF59BDCF}.Debug|x64.ActiveCfg = Debug|Any CPU
		{08E65263-5C07-49BE-8673-28A9BF59BDCF}.Debug|x64.Build.0 = Debug|Any CPU
		{08E65263-5C07-49BE-8673-28A9BF59BDCF}.Debug|x86.ActiveCfg = Debug|Any CPU
		{08E65263-5C07-49BE-8673-28A9BF59BDCF}.Debug|x86.Build.0 = Debug|Any CPU
		{08E65263-5C07-49BE-8673-28A9BF59BDCF}.Release|Any CPU.ActiveCfg = Release|Any CPU
		{08E65263-5C07-49BE-8673-28A9BF59BDCF}.Release|Any CPU.Build.0 = Release|Any CPU
		{08E65263-5C07-49BE-8673-28A9BF59BDCF}.Release|x64.ActiveCfg = Release|Any CPU
		{08E65263-5C07-49BE-8673-28A9BF59BDCF}.Release|x64.Build.0 = Release|Any CPU
		{08E65263-5C07-49BE-8673-28A9BF59BDCF}.Release|x86.ActiveCfg = Release|Any CPU
		{08E65263-5C07-49BE-8673-28A9BF59BDCF}.Release|x86.Build.0 = Release|Any CPU
		{59B2DFA9-0759-4C1C-B1CC-082CF0543436}.Debug|Any CPU.ActiveCfg = Debug|Any CPU
		{59B2DFA9-0759-4C1C-B1CC-082CF0543436}.Debug|Any CPU.Build.0 = Debug|Any CPU
		{59B2DFA9-0759-4C1C-B1CC-082CF0543436}.Debug|x64.ActiveCfg = Debug|Any CPU
		{59B2DFA9-0759-4C1C-B1CC-082CF0543436}.Debug|x64.Build.0 = Debug|Any CPU
		{59B2DFA9-0759-4C1C-B1CC-082CF0543436}.Debug|x86.ActiveCfg = Debug|Any CPU
		{59B2DFA9-0759-4C1C-B1CC-082CF0543436}.Debug|x86.Build.0 = Debug|Any CPU
		{59B2DFA9-0759-4C1C-B1CC-082CF0543436}.Release|Any CPU.ActiveCfg = Release|Any CPU
		{59B2DFA9-0759-4C1C-B1CC-082CF0543436}.Release|Any CPU.Build.0 = Release|Any CPU
		{59B2DFA9-0759-4C1C-B1CC-082CF0543436}.Release|x64.ActiveCfg = Release|Any CPU
		{59B2DFA9-0759-4C1C-B1CC-082CF0543436}.Release|x64.Build.0 = Release|Any CPU
		{59B2DFA9-0759-4C1C-B1CC-082CF0543436}.Release|x86.ActiveCfg = Release|Any CPU
		{59B2DFA9-0759-4C1C-B1CC-082CF0543436}.Release|x86.Build.0 = Release|Any CPU
		{08E65263-5C07-49BE-8673-28A9BF59BDC0}.Debug|Any CPU.ActiveCfg = Debug|Any CPU
		{08E65263-5C07-49BE-8673-28A9BF59BDC0}.Debug|Any CPU.Build.0 = Debug|Any CPU
		{08E65263-5C07-49BE-8673-28A9BF59BDC0}.Debug|x64.ActiveCfg = Debug|Any CPU
		{08E65263-5C07-49BE-8673-28A9BF59BDC0}.Debug|x64.Build.0 = Debug|Any CPU
		{08E65263-5C07-49BE-8673-28A9BF59BDC0}.Debug|x86.ActiveCfg = Debug|Any CPU
		{08E65263-5C07-49BE-8673-28A9BF59BDC0}.Debug|x86.Build.0 = Debug|Any CPU
		{08E65263-5C07-49BE-8673-28A9BF59BDC0}.Release|Any CPU.ActiveCfg = Release|Any CPU
		{08E65263-5C07-49BE-8673-28A9BF59BDC0}.Release|Any CPU.Build.0 = Release|Any CPU
		{08E65263-5C07-49BE-8673-28A9BF59BDC0}.Release|x64.ActiveCfg = Release|Any CPU
		{08E65263-5C07-49BE-8673-28A9BF59BDC0}.Release|x64.Build.0 = Release|Any CPU
		{08E65263-5C07-49BE-8673-28A9BF59BDC0}.Release|x86.ActiveCfg = Release|Any CPU
		{08E65263-5C07-49BE-8673-28A9BF59BDC0}.Release|x86.Build.0 = Release|Any CPU
		{A1CE754B-F589-4514-8642-B729034963CD}.Debug|Any CPU.ActiveCfg = Debug|Any CPU
		{A1CE754B-F589-4514-8642-B729034963CD}.Debug|Any CPU.Build.0 = Debug|Any CPU
		{A1CE754B-F589-4514-8642-B729034963CD}.Debug|x64.ActiveCfg = Debug|Any CPU
		{A1CE754B-F589-4514-8642-B729034963CD}.Debug|x64.Build.0 = Debug|Any CPU
		{A1CE754B-F589-4514-8642-B729034963CD}.Debug|x86.ActiveCfg = Debug|Any CPU
		{A1CE754B-F589-4514-8642-B729034963CD}.Debug|x86.Build.0 = Debug|Any CPU
		{A1CE754B-F589-4514-8642-B729034963CD}.Release|Any CPU.ActiveCfg = Release|Any CPU
		{A1CE754B-F589-4514-8642-B729034963CD}.Release|Any CPU.Build.0 = Release|Any CPU
		{A1CE754B-F589-4514-8642-B729034963CD}.Release|x64.ActiveCfg = Release|Any CPU
		{A1CE754B-F589-4514-8642-B729034963CD}.Release|x64.Build.0 = Release|Any CPU
		{A1CE754B-F589-4514-8642-B729034963CD}.Release|x86.ActiveCfg = Release|Any CPU
		{A1CE754B-F589-4514-8642-B729034963CD}.Release|x86.Build.0 = Release|Any CPU
		{FFD76E9A-3F07-41FC-9D77-23D93BC579B2}.Debug|Any CPU.ActiveCfg = Debug|Any CPU
		{FFD76E9A-3F07-41FC-9D77-23D93BC579B2}.Debug|Any CPU.Build.0 = Debug|Any CPU
		{FFD76E9A-3F07-41FC-9D77-23D93BC579B2}.Debug|x64.ActiveCfg = Debug|Any CPU
		{FFD76E9A-3F07-41FC-9D77-23D93BC579B2}.Debug|x64.Build.0 = Debug|Any CPU
		{FFD76E9A-3F07-41FC-9D77-23D93BC579B2}.Debug|x86.ActiveCfg = Debug|Any CPU
		{FFD76E9A-3F07-41FC-9D77-23D93BC579B2}.Debug|x86.Build.0 = Debug|Any CPU
		{FFD76E9A-3F07-41FC-9D77-23D93BC579B2}.Release|Any CPU.ActiveCfg = Release|Any CPU
		{FFD76E9A-3F07-41FC-9D77-23D93BC579B2}.Release|Any CPU.Build.0 = Release|Any CPU
		{FFD76E9A-3F07-41FC-9D77-23D93BC579B2}.Release|x64.ActiveCfg = Release|Any CPU
		{FFD76E9A-3F07-41FC-9D77-23D93BC579B2}.Release|x64.Build.0 = Release|Any CPU
		{FFD76E9A-3F07-41FC-9D77-23D93BC579B2}.Release|x86.ActiveCfg = Release|Any CPU
		{FFD76E9A-3F07-41FC-9D77-23D93BC579B2}.Release|x86.Build.0 = Release|Any CPU
	EndGlobalSection
	GlobalSection(SolutionProperties) = preSolution
		HideSolutionNode = FALSE
	EndGlobalSection
	GlobalSection(NestedProjects) = preSolution
		{9B0F1371-749B-4524-9440-BA1394D98FE1} = {BF2E1A3E-CAAA-41BF-92B5-4E255CE97ADE}
		{6297DF6B-9501-4EBD-80FB-07B0EC01D2CE} = {BF2E1A3E-CAAA-41BF-92B5-4E255CE97ADE}
		{8A804C76-BD6F-4FDE-A292-2C9C43B0722D} = {BF2E1A3E-CAAA-41BF-92B5-4E255CE97ADE}
		{39E17715-D240-4F45-9939-327FFD47D67B} = {BF2E1A3E-CAAA-41BF-92B5-4E255CE97ADE}
		{6402049B-50A9-4344-A531-8C08A9BC4903} = {BF2E1A3E-CAAA-41BF-92B5-4E255CE97ADE}
		{38D7C308-E646-4113-8E09-7F1DA3866C4C} = {BF2E1A3E-CAAA-41BF-92B5-4E255CE97ADE}
		{817D56A8-90D3-4576-9EB5-7E5D7BAE1A4B} = {BF2E1A3E-CAAA-41BF-92B5-4E255CE97ADE}
		{751557DF-0F7D-444E-AC98-16F79A850FEB} = {BF2E1A3E-CAAA-41BF-92B5-4E255CE97ADE}
		{59B2DFA9-0759-4C1C-B1CC-082CF0543434} = {BF2E1A3E-CAAA-41BF-92B5-4E255CE97ADE}
		{08E65263-5C07-49BE-8673-28A9BF59BDCF} = {BF2E1A3E-CAAA-41BF-92B5-4E255CE97ADE}
		{59B2DFA9-0759-4C1C-B1CC-082CF0543436} = {BF2E1A3E-CAAA-41BF-92B5-4E255CE97ADE}
		{08E65263-5C07-49BE-8673-28A9BF59BDC0} = {BF2E1A3E-CAAA-41BF-92B5-4E255CE97ADE}
	EndGlobalSection
	GlobalSection(ExtensibilityGlobals) = postSolution
		SolutionGuid = {1467EE0F-9D84-4634-B21D-0C94BDB9B7C2}
	EndGlobalSection
EndGlobal
